PODS:
  - Alamofire (4.8.2)
  - LicensesViewController (0.7.0)
  - ResearchKit (2.0.0)

DEPENDENCIES:
  - Alamofire
  - LicensesViewController (~> 0.7.0)
  - ResearchKit (from `http://github.com/PersonalTouchProjects/ResearchKit.git`, branch `mytouch`)

SPEC REPOS:
  https://github.com/cocoapods/specs.git:
    - Alamofire
    - LicensesViewController

EXTERNAL SOURCES:
  ResearchKit:
    :branch: mytouch
    :git: http://github.com/PersonalTouchProjects/ResearchKit.git

CHECKOUT OPTIONS:
  ResearchKit:
    :commit: fa14bb2e6b48e9757fa2e8eae72376aa0c899d7d
    :git: http://github.com/PersonalTouchProjects/ResearchKit.git

SPEC CHECKSUMS:
  Alamofire: ae5c501addb7afdbb13687d7f2f722c78734c2d3
  LicensesViewController: 2f7bba13b3cec7516d4990e41df297720fdbaaab
  ResearchKit: 0133d483eb85d977c96e5dbbf2a234ac7bd43545

PODFILE CHECKSUM: d7e6e5e681be732f39e53853edf0145b6768e05f

COCOAPODS: 1.7.5
